{
  "name": "task",
  "version": "1.0.0",
  "lockfileVersion": 3,
  "requires": true,
  "packages": {
    "": {
      "name": "task",
      "version": "1.0.0",
      "license": "ISC",
      "devDependencies": {
        "typescript": "^5.3.3"
      }
    },
    "node_modules/fastify-tsconfig": {
      "version": "1.0.1",
      "resolved": "https://registry.npmjs.org/fastify-tsconfig/-/fastify-tsconfig-1.0.1.tgz",
      "integrity": "sha512-BXkTG3JYcjJb3xX5R5FcE9ciscV/h7YtmnkiSaNAONd1g6ooMSN/4GWfhA8hnS6SRZFYBBxsn8719Mj9lbCOtA==",
      "dev": true,
      "engines": {
        "node": ">=10.4.0"
      }
    },
    "node_modules/typescript": {
      "version": "5.3.3",
      "resolved": "https://registry.npmjs.org/typescript/-/typescript-5.3.3.tgz",
      "integrity": "sha512-pXWcraxM0uxAS+tN0AG/BF2TyqmHO014Z070UsJ+pFvYuRSq8KH8DmWpnbXe0pEPDHXZV3FcAbJkijJ5oNEnWw==",
      "dev": true,
      "bin": {
        "tsc": "bin/tsc",
        "tsserver": "bin/tsserver"
      },
      "engines": {
        "node": ">=14.17"
      }
    }
  }
}
